
Microsoft Visual Studio Solution File, Format Version 12.00
Project("{FAE04EC0-301F-11D3-BF4B-00C04F79EFBC}") = "scoutsHunt", "scoutsHunt.csproj", "{793AA00D-45A1-4747-BB90-717A7DA1EBCC}"
EndProject
Global
	GlobalSection(SolutionConfigurationPlatforms) = preSolution
		Debug|Any CPU = Debug|Any CPU
		Release|Any CPU = Release|Any CPU
	EndGlobalSection
	GlobalSection(ProjectConfigurationPlatforms) = postSolution
		{793AA00D-45A1-4747-BB90-717A7DA1EBCC}.Debug|Any CPU.ActiveCfg = Debug|Any CPU
		{793AA00D-45A1-4747-BB90-717A7DA1EBCC}.Debug|Any CPU.Build.0 = Debug|Any CPU
		{793AA00D-45A1-4747-BB90-717A7DA1EBCC}.Release|Any CPU.ActiveCfg = Release|Any CPU
		{793AA00D-45A1-4747-BB90-717A7DA1EBCC}.Release|Any CPU.Build.0 = Release|Any CPU
	EndGlobalSection
EndGlobal
